
Microsoft Visual Studio Solution File, Format Version 12.00
# Visual Studio Version 17
VisualStudioVersion = 17.2.32616.157
MinimumVisualStudioVersion = 10.0.40219.1
Project("{FAE04EC0-301F-11D3-BF4B-00C04F79EFBC}") = "TLWebApi", "TLWebApi\TLWebApi.csproj", "{35B81FA4-C406-4FDE-8E27-763E7FFE8A25}"
EndProject
Global
	GlobalSection(SolutionConfigurationPlatforms) = preSolution
		Debug|Any CPU = Debug|Any CPU
		Release|Any CPU = Release|Any CPU
	EndGlobalSection
	GlobalSection(ProjectConfigurationPlatforms) = postSolution
		{35B81FA4-C406-4FDE-8E27-763E7FFE8A25}.Debug|Any CPU.ActiveCfg = Debug|Any CPU
		{35B81FA4-C406-4FDE-8E27-763E7FFE8A25}.Debug|Any CPU.Build.0 = Debug|Any CPU
		{35B81FA4-C406-4FDE-8E27-763E7FFE8A25}.Release|Any CPU.ActiveCfg = Release|Any CPU
		{35B81FA4-C406-4FDE-8E27-763E7FFE8A25}.Release|Any CPU.Build.0 = Release|Any CPU
	EndGlobalSection
	GlobalSection(SolutionProperties) = preSolution
		HideSolutionNode = FALSE
	EndGlobalSection
	GlobalSection(ExtensibilityGlobals) = postSolution
		SolutionGuid = {4E0E9FA8-0E46-4391-940E-0AE4D1A43799}
	EndGlobalSection
EndGlobal
